
Microsoft Visual Studio Solution File, Format Version 12.00
# Visual Studio Version 16
VisualStudioVersion = 16.0.31026.101
MinimumVisualStudioVersion = 10.0.40219.1
Project("{FAE04EC0-301F-11D3-BF4B-00C04F79EFBC}") = "algos", "algos\algos.csproj", "{82FC3E9C-E659-442E-B8E3-1B4356546909}"
EndProject
Global
	GlobalSection(SolutionConfigurationPlatforms) = preSolution
		Debug|Any CPU = Debug|Any CPU
		Release|Any CPU = Release|Any CPU
	EndGlobalSection
	GlobalSection(ProjectConfigurationPlatforms) = postSolution
		{82FC3E9C-E659-442E-B8E3-1B4356546909}.Debug|Any CPU.ActiveCfg = Debug|Any CPU
		{82FC3E9C-E659-442E-B8E3-1B4356546909}.Debug|Any CPU.Build.0 = Debug|Any CPU
		{82FC3E9C-E659-442E-B8E3-1B4356546909}.Release|Any CPU.ActiveCfg = Release|Any CPU
		{82FC3E9C-E659-442E-B8E3-1B4356546909}.Release|Any CPU.Build.0 = Release|Any CPU
	EndGlobalSection
	GlobalSection(SolutionProperties) = preSolution
		HideSolutionNode = FALSE
	EndGlobalSection
	GlobalSection(ExtensibilityGlobals) = postSolution
		SolutionGuid = {3B86F70A-7793-4892-95BB-FB3FFAAEC83F}
	EndGlobalSection
EndGlobal
